// !$*UTF8*$!
{
	archiveVersion = 1;
	classes = {
	};
	objectVersion = 46;
	objects = {

/* Begin PBXBuildFile section */
		35307F0F1B18B48700BAC5D7 /* AppDelegate.swift in Sources */ = {isa = PBXBuildFile; fileRef = 35307F0E1B18B48700BAC5D7 /* AppDelegate.swift */; };
		35307F111B18B48700BAC5D7 /* ViewController.swift in Sources */ = {isa = PBXBuildFile; fileRef = 35307F101B18B48700BAC5D7 /* ViewController.swift */; };
		35307F141B18B48700BAC5D7 /* Main.storyboard in Resources */ = {isa = PBXBuildFile; fileRef = 35307F121B18B48700BAC5D7 /* Main.storyboard */; };
		35307F161B18B48700BAC5D7 /* Images.xcassets in Resources */ = {isa = PBXBuildFile; fileRef = 35307F151B18B48700BAC5D7 /* Images.xcassets */; };
		35307F191B18B48700BAC5D7 /* LaunchScreen.xib in Resources */ = {isa = PBXBuildFile; fileRef = 35307F171B18B48700BAC5D7 /* LaunchScreen.xib */; };
		35307F251B18B48700BAC5D7 /* BrightFuturesAppTests.swift in Sources */ = {isa = PBXBuildFile; fileRef = 35307F241B18B48700BAC5D7 /* BrightFuturesAppTests.swift */; };
		3569DA411B18BD1A000487DD /* Argo.framework in Frameworks */ = {isa = PBXBuildFile; fileRef = 3569DA3D1B18BD1A000487DD /* Argo.framework */; };
		3569DA421B18BD1A000487DD /* Box.framework in Frameworks */ = {isa = PBXBuildFile; fileRef = 3569DA3E1B18BD1A000487DD /* Box.framework */; };
		3569DA431B18BD1A000487DD /* BrightFutures.framework in Frameworks */ = {isa = PBXBuildFile; fileRef = 3569DA3F1B18BD1A000487DD /* BrightFutures.framework */; };
		3569DA441B18BD1A000487DD /* Runes.framework in Frameworks */ = {isa = PBXBuildFile; fileRef = 3569DA401B18BD1A000487DD /* Runes.framework */; };
/* End PBXBuildFile section */

/* Begin PBXContainerItemProxy section */
		35307F1F1B18B48700BAC5D7 /* PBXContainerItemProxy */ = {
			isa = PBXContainerItemProxy;
			containerPortal = 35307F011B18B48700BAC5D7 /* Project object */;
			proxyType = 1;
			remoteGlobalIDString = 35307F081B18B48700BAC5D7;
			remoteInfo = BrightFuturesApp;
		};
/* End PBXContainerItemProxy section */

/* Begin PBXFileReference section */
		35307F091B18B48700BAC5D7 /* BrightFuturesApp.app */ = {isa = PBXFileReference; explicitFileType = wrapper.application; includeInIndex = 0; path = BrightFuturesApp.app; sourceTree = BUILT_PRODUCTS_DIR; };
		35307F0D1B18B48700BAC5D7 /* Info.plist */ = {isa = PBXFileReference; lastKnownFileType = text.plist.xml; path = Info.plist; sourceTree = "<group>"; };
		35307F0E1B18B48700BAC5D7 /* AppDelegate.swift */ = {isa = PBXFileReference; lastKnownFileType = sourcecode.swift; path = AppDelegate.swift; sourceTree = "<group>"; };
		35307F101B18B48700BAC5D7 /* ViewController.swift */ = {isa = PBXFileReference; lastKnownFileType = sourcecode.swift; path = ViewController.swift; sourceTree = "<group>"; };
		35307F131B18B48700BAC5D7 /* Base */ = {isa = PBXFileReference; lastKnownFileType = file.storyboard; name = Base; path = Base.lproj/Main.storyboard; sourceTree = "<group>"; };
		35307F151B18B48700BAC5D7 /* Images.xcassets */ = {isa = PBXFileReference; lastKnownFileType = folder.assetcatalog; path = Images.xcassets; sourceTree = "<group>"; };
		35307F181B18B48700BAC5D7 /* Base */ = {isa = PBXFileReference; lastKnownFileType = file.xib; name = Base; path = Base.lproj/LaunchScreen.xib; sourceTree = "<group>"; };
		35307F1E1B18B48700BAC5D7 /* BrightFuturesAppTests.xctest */ = {isa = PBXFileReference; explicitFileType = wrapper.cfbundle; includeInIndex = 0; path = BrightFuturesAppTests.xctest; sourceTree = BUILT_PRODUCTS_DIR; };
		35307F231B18B48700BAC5D7 /* Info.plist */ = {isa = PBXFileReference; lastKnownFileType = text.plist.xml; path = Info.plist; sourceTree = "<group>"; };
		35307F241B18B48700BAC5D7 /* BrightFuturesAppTests.swift */ = {isa = PBXFileReference; lastKnownFileType = sourcecode.swift; path = BrightFuturesAppTests.swift; sourceTree = "<group>"; };
		3569DA3D1B18BD1A000487DD /* Argo.framework */ = {isa = PBXFileReference; lastKnownFileType = wrapper.framework; name = Argo.framework; path = Carthage/Build/iOS/Argo.framework; sourceTree = "<group>"; };
		3569DA3E1B18BD1A000487DD /* Box.framework */ = {isa = PBXFileReference; lastKnownFileType = wrapper.framework; name = Box.framework; path = Carthage/Build/iOS/Box.framework; sourceTree = "<group>"; };
		3569DA3F1B18BD1A000487DD /* BrightFutures.framework */ = {isa = PBXFileReference; lastKnownFileType = wrapper.framework; name = BrightFutures.framework; path = Carthage/Build/iOS/BrightFutures.framework; sourceTree = "<group>"; };
		3569DA401B18BD1A000487DD /* Runes.framework */ = {isa = PBXFileReference; lastKnownFileType = wrapper.framework; name = Runes.framework; path = Carthage/Build/iOS/Runes.framework; sourceTree = "<group>"; };
/* End PBXFileReference section */

/* Begin PBXFrameworksBuildPhase section */
		35307F061B18B48700BAC5D7 /* Frameworks */ = {
			isa = PBXFrameworksBuildPhase;
			buildActionMask = 2147483647;
			files = (
				3569DA441B18BD1A000487DD /* Runes.framework in Frameworks */,
				3569DA431B18BD1A000487DD /* BrightFutures.framework in Frameworks */,
				3569DA421B18BD1A000487DD /* Box.framework in Frameworks */,
				3569DA411B18BD1A000487DD /* Argo.framework in Frameworks */,
			);
			runOnlyForDeploymentPostprocessing = 0;
		};
		35307F1B1B18B48700BAC5D7 /* Frameworks */ = {
			isa = PBXFrameworksBuildPhase;
			buildActionMask = 2147483647;
			files = (
			);
			runOnlyForDeploymentPostprocessing = 0;
		};
/* End PBXFrameworksBuildPhase section */

/* Begin PBXGroup section */
		35307F001B18B48700BAC5D7 = {
			isa = PBXGroup;
			children = (
				35307F0B1B18B48700BAC5D7 /* BrightFuturesApp */,
				35307F211B18B48700BAC5D7 /* BrightFuturesAppTests */,
				3569DA451B18BD22000487DD /* Frameworks */,
				35307F0A1B18B48700BAC5D7 /* Products */,
			);
			sourceTree = "<group>";
		};
		35307F0A1B18B48700BAC5D7 /* Products */ = {
			isa = PBXGroup;
			children = (
				35307F091B18B48700BAC5D7 /* BrightFuturesApp.app */,
				35307F1E1B18B48700BAC5D7 /* BrightFuturesAppTests.xctest */,
			);
			name = Products;
			sourceTree = "<group>";
		};
		35307F0B1B18B48700BAC5D7 /* BrightFuturesApp */ = {
			isa = PBXGroup;
			children = (
				35307F0E1B18B48700BAC5D7 /* AppDelegate.swift */,
				35307F101B18B48700BAC5D7 /* ViewController.swift */,
				35307F121B18B48700BAC5D7 /* Main.storyboard */,
				35307F151B18B48700BAC5D7 /* Images.xcassets */,
				35307F171B18B48700BAC5D7 /* LaunchScreen.xib */,
				35307F0C1B18B48700BAC5D7 /* Supporting Files */,
			);
			path = BrightFuturesApp;
			sourceTree = "<group>";
		};
		35307F0C1B18B48700BAC5D7 /* Supporting Files */ = {
			isa = PBXGroup;
			children = (
				35307F0D1B18B48700BAC5D7 /* Info.plist */,
			);
			name = "Supporting Files";
			sourceTree = "<group>";
		};
		35307F211B18B48700BAC5D7 /* BrightFuturesAppTests */ = {
			isa = PBXGroup;
			children = (
				35307F241B18B48700BAC5D7 /* BrightFuturesAppTests.swift */,
				35307F221B18B48700BAC5D7 /* Supporting Files */,
			);
			path = BrightFuturesAppTests;
			sourceTree = "<group>";
		};
		35307F221B18B48700BAC5D7 /* Supporting Files */ = {
			isa = PBXGroup;
			children = (
				35307F231B18B48700BAC5D7 /* Info.plist */,
			);
			name = "Supporting Files";
			sourceTree = "<group>";
		};
		3569DA451B18BD22000487DD /* Frameworks */ = {
			isa = PBXGroup;
			children = (
				3569DA3D1B18BD1A000487DD /* Argo.framework */,
				3569DA3E1B18BD1A000487DD /* Box.framework */,
				3569DA3F1B18BD1A000487DD /* BrightFutures.framework */,
				3569DA401B18BD1A000487DD /* Runes.framework */,
			);
			name = Frameworks;
			sourceTree = "<group>";
		};
/* End PBXGroup section */

/* Begin PBXNativeTarget section */
		35307F081B18B48700BAC5D7 /* BrightFuturesApp */ = {
			isa = PBXNativeTarget;
			buildConfigurationList = 35307F281B18B48700BAC5D7 /* Build configuration list for PBXNativeTarget "BrightFuturesApp" */;
			buildPhases = (
				35307F051B18B48700BAC5D7 /* Sources */,
				35307F061B18B48700BAC5D7 /* Frameworks */,
				35307F071B18B48700BAC5D7 /* Resources */,
				3569DA471B18BE11000487DD /* ShellScript */,
			);
			buildRules = (
			);
			dependencies = (
			);
			name = BrightFuturesApp;
			productName = BrightFuturesApp;
			productReference = 35307F091B18B48700BAC5D7 /* BrightFuturesApp.app */;
			productType = "com.apple.product-type.application";
		};
		35307F1D1B18B48700BAC5D7 /* BrightFuturesAppTests */ = {
			isa = PBXNativeTarget;
			buildConfigurationList = 35307F2B1B18B48700BAC5D7 /* Build configuration list for PBXNativeTarget "BrightFuturesAppTests" */;
			buildPhases = (
				35307F1A1B18B48700BAC5D7 /* Sources */,
				35307F1B1B18B48700BAC5D7 /* Frameworks */,
				35307F1C1B18B48700BAC5D7 /* Resources */,
			);
			buildRules = (
			);
			dependencies = (
				35307F201B18B48700BAC5D7 /* PBXTargetDependency */,
			);
			name = BrightFuturesAppTests;
			productName = BrightFuturesAppTests;
			productReference = 35307F1E1B18B48700BAC5D7 /* BrightFuturesAppTests.xctest */;
			productType = "com.apple.product-type.bundle.unit-test";
		};
/* End PBXNativeTarget section */

/* Begin PBXProject section */
		35307F011B18B48700BAC5D7 /* Project object */ = {
			isa = PBXProject;
			attributes = {
				LastUpgradeCheck = 0630;
				ORGANIZATIONNAME = "Sabre Labs";
				TargetAttributes = {
					35307F081B18B48700BAC5D7 = {
						CreatedOnToolsVersion = 6.3.2;
					};
					35307F1D1B18B48700BAC5D7 = {
						CreatedOnToolsVersion = 6.3.2;
						TestTargetID = 35307F081B18B48700BAC5D7;
					};
				};
			};
			buildConfigurationList = 35307F041B18B48700BAC5D7 /* Build configuration list for PBXProject "BrightFuturesApp" */;
			compatibilityVersion = "Xcode 3.2";
			developmentRegion = English;
			hasScannedForEncodings = 0;
			knownRegions = (
				en,
				Base,
			);
			mainGroup = 35307F001B18B48700BAC5D7;
			productRefGroup = 35307F0A1B18B48700BAC5D7 /* Products */;
			projectDirPath = "";
			projectRoot = "";
			targets = (
				35307F081B18B48700BAC5D7 /* BrightFuturesApp */,
				35307F1D1B18B48700BAC5D7 /* BrightFuturesAppTests */,
			);
		};
/* End PBXProject section */

/* Begin PBXResourcesBuildPhase section */
		35307F071B18B48700BAC5D7 /* Resources */ = {
			isa = PBXResourcesBuildPhase;
			buildActionMask = 2147483647;
			files = (
				35307F141B18B48700BAC5D7 /* Main.storyboard in Resources */,
				35307F191B18B48700BAC5D7 /* LaunchScreen.xib in Resources */,
				35307F161B18B48700BAC5D7 /* Images.xcassets in Resources */,
			);
			runOnlyForDeploymentPostprocessing = 0;
		};
		35307F1C1B18B48700BAC5D7 /* Resources */ = {
			isa = PBXResourcesBuildPhase;
			buildActionMask = 2147483647;
			files = (
			);
			runOnlyForDeploymentPostprocessing = 0;
		};
/* End PBXResourcesBuildPhase section */

/* Begin PBXShellScriptBuildPhase section */
		3569DA471B18BE11000487DD /* ShellScript */ = {
			isa = PBXShellScriptBuildPhase;
			buildActionMask = 2147483647;
			files = (
			);
			inputPaths = (
				"$(SRCROOT)/Carthage/Build/iOS/Argo.framework",
				"$(SRCROOT)/Carthage/Build/iOS/Box.framework",
				"$(SRCROOT)/Carthage/Build/iOS/BrightFutures.framework",
				"$(SRCROOT)/Carthage/Build/iOS/Runes.framework",
			);
			outputPaths = (
			);
			runOnlyForDeploymentPostprocessing = 0;
			shellPath = /bin/sh;
			shellScript = "/usr/local/bin/carthage copy-frameworks";
		};
/* End PBXShellScriptBuildPhase section */

/* Begin PBXSourcesBuildPhase section */
		35307F051B18B48700BAC5D7 /* Sources */ = {
			isa = PBXSourcesBuildPhase;
			buildActionMask = 2147483647;
			files = (
				35307F111B18B48700BAC5D7 /* ViewController.swift in Sources */,
				35307F0F1B18B48700BAC5D7 /* AppDelegate.swift in Sources */,
			);
			runOnlyForDeploymentPostprocessing = 0;
		};
		35307F1A1B18B48700BAC5D7 /* Sources */ = {
			isa = PBXSourcesBuildPhase;
			buildActionMask = 2147483647;
			files = (
				35307F251B18B48700BAC5D7 /* BrightFuturesAppTests.swift in Sources */,
			);
			runOnlyForDeploymentPostprocessing = 0;
		};
/* End PBXSourcesBuildPhase section */

/* Begin PBXTargetDependency section */
		35307F201B18B48700BAC5D7 /* PBXTargetDependency */ = {
			isa = PBXTargetDependency;
			target = 35307F081B18B48700BAC5D7 /* BrightFuturesApp */;
			targetProxy = 35307F1F1B18B48700BAC5D7 /* PBXContainerItemProxy */;
		};
/* End PBXTargetDependency section */

/* Begin PBXVariantGroup section */
		35307F121B18B48700BAC5D7 /* Main.storyboard */ = {
			isa = PBXVariantGroup;
			children = (
				35307F131B18B48700BAC5D7 /* Base */,
			);
			name = Main.storyboard;
			sourceTree = "<group>";
		};
		35307F171B18B48700BAC5D7 /* LaunchScreen.xib */ = {
			isa = PBXVariantGroup;
			children = (
				35307F181B18B48700BAC5D7 /* Base */,
			);
			name = LaunchScreen.xib;
			sourceTree = "<group>";
		};
/* End PBXVariantGroup section */

/* Begin XCBuildConfiguration section */
		35307F261B18B48700BAC5D7 /* Debug */ = {
			isa = XCBuildConfiguration;
			buildSettings = {
				ALWAYS_SEARCH_USER_PATHS = NO;
				CLANG_CXX_LANGUAGE_STANDARD = "gnu++0x";
				CLANG_CXX_LIBRARY = "libc++";
				CLANG_ENABLE_MODULES = YES;
				CLANG_ENABLE_OBJC_ARC = YES;
				CLANG_WARN_BOOL_CONVERSION = YES;
				CLANG_WARN_CONSTANT_CONVERSION = YES;
				CLANG_WARN_DIRECT_OBJC_ISA_USAGE = YES_ERROR;
				CLANG_WARN_EMPTY_BODY = YES;
				CLANG_WARN_ENUM_CONVERSION = YES;
				CLANG_WARN_INT_CONVERSION = YES;
				CLANG_WARN_OBJC_ROOT_CLASS = YES_ERROR;
				CLANG_WARN_UNREACHABLE_CODE = YES;
				CLANG_WARN__DUPLICATE_METHOD_MATCH = YES;
				"CODE_SIGN_IDENTITY[sdk=iphoneos*]" = "iPhone Developer";
				COPY_PHASE_STRIP = NO;
				DEBUG_INFORMATION_FORMAT = "dwarf-with-dsym";
				ENABLE_STRICT_OBJC_MSGSEND = YES;
				GCC_C_LANGUAGE_STANDARD = gnu99;
				GCC_DYNAMIC_NO_PIC = NO;
				GCC_NO_COMMON_BLOCKS = YES;
				GCC_OPTIMIZATION_LEVEL = 0;
				GCC_PREPROCESSOR_DEFINITIONS = (
					"DEBUG=1",
					"$(inherited)",
				);
				GCC_SYMBOLS_PRIVATE_EXTERN = NO;
				GCC_WARN_64_TO_32_BIT_CONVERSION = YES;
				GCC_WARN_ABOUT_RETURN_TYPE = YES_ERROR;
				GCC_WARN_UNDECLARED_SELECTOR = YES;
				GCC_WARN_UNINITIALIZED_AUTOS = YES_AGGRESSIVE;
				GCC_WARN_UNUSED_FUNCTION = YES;
				GCC_WARN_UNUSED_VARIABLE = YES;
				IPHONEOS_DEPLOYMENT_TARGET = 8.3;
				MTL_ENABLE_DEBUG_INFO = YES;
				ONLY_ACTIVE_ARCH = YES;
				SDKROOT = iphoneos;
				SWIFT_OPTIMIZATION_LEVEL = "-Onone";
			};
			name = Debug;
		};
		35307F271B18B48700BAC5D7 /* Release */ = {
			isa = XCBuildConfiguration;
			buildSettings = {
				ALWAYS_SEARCH_USER_PATHS = NO;
				CLANG_CXX_LANGUAGE_STANDARD = "gnu++0x";
				CLANG_CXX_LIBRARY = "libc++";
				CLANG_ENABLE_MODULES = YES;
				CLANG_ENABLE_OBJC_ARC = YES;
				CLANG_WARN_BOOL_CONVERSION = YES;
				CLANG_WARN_CONSTANT_CONVERSION = YES;
				CLANG_WARN_DIRECT_OBJC_ISA_USAGE = YES_ERROR;
				CLANG_WARN_EMPTY_BODY = YES;
				CLANG_WARN_ENUM_CONVERSION = YES;
				CLANG_WARN_INT_CONVERSION = YES;
				CLANG_WARN_OBJC_ROOT_CLASS = YES_ERROR;
				CLANG_WARN_UNREACHABLE_CODE = YES;
				CLANG_WARN__DUPLICATE_METHOD_MATCH = YES;
				"CODE_SIGN_IDENTITY[sdk=iphoneos*]" = "iPhone Developer";
				COPY_PHASE_STRIP = NO;
				DEBUG_INFORMATION_FORMAT = "dwarf-with-dsym";
				ENABLE_NS_ASSERTIONS = NO;
				ENABLE_STRICT_OBJC_MSGSEND = YES;
				GCC_C_LANGUAGE_STANDARD = gnu99;
				GCC_NO_COMMON_BLOCKS = YES;
				GCC_WARN_64_TO_32_BIT_CONVERSION = YES;
				GCC_WARN_ABOUT_RETURN_TYPE = YES_ERROR;
				GCC_WARN_UNDECLARED_SELECTOR = YES;
				GCC_WARN_UNINITIALIZED_AUTOS = YES_AGGRESSIVE;
				GCC_WARN_UNUSED_FUNCTION = YES;
				GCC_WARN_UNUSED_VARIABLE = YES;
				IPHONEOS_DEPLOYMENT_TARGET = 8.3;
				MTL_ENABLE_DEBUG_INFO = NO;
				SDKROOT = iphoneos;
				VALIDATE_PRODUCT = YES;
			};
			name = Release;
		};
		35307F291B18B48700BAC5D7 /* Debug */ = {
			isa = XCBuildConfiguration;
			buildSettings = {
				ASSETCATALOG_COMPILER_APPICON_NAME = AppIcon;
				FRAMEWORK_SEARCH_PATHS = (
					"$(inherited)",
					"$(PROJECT_DIR)/Carthage/Build/iOS",
				);
				INFOPLIST_FILE = BrightFuturesApp/Info.plist;
				LD_RUNPATH_SEARCH_PATHS = "$(inherited) @executable_path/Frameworks";
				PRODUCT_NAME = "$(TARGET_NAME)";
			};
			name = Debug;
		};
		35307F2A1B18B48700BAC5D7 /* Release */ = {
			isa = XCBuildConfiguration;
			buildSettings = {
				ASSETCATALOG_COMPILER_APPICON_NAME = AppIcon;
				FRAMEWORK_SEARCH_PATHS = (
					"$(inherited)",
					"$(PROJECT_DIR)/Carthage/Build/iOS",
				);
				INFOPLIST_FILE = BrightFuturesApp/Info.plist;
				LD_RUNPATH_SEARCH_PATHS = "$(inherited) @executable_path/Frameworks";
				PRODUCT_NAME = "$(TARGET_NAME)";
			};
			name = Release;
		};
		35307F2C1B18B48700BAC5D7 /* Debug */ = {
			isa = XCBuildConfiguration;
			buildSettings = {
				BUNDLE_LOADER = "$(TEST_HOST)";
				FRAMEWORK_SEARCH_PATHS = (
					"$(SDKROOT)/Developer/Library/Frameworks",
					"$(inherited)",
				);
				GCC_PREPROCESSOR_DEFINITIONS = (
					"DEBUG=1",
					"$(inherited)",
				);
				INFOPLIST_FILE = BrightFuturesAppTests/Info.plist;
				LD_RUNPATH_SEARCH_PATHS = "$(inherited) @executable_path/Frameworks @loader_path/Frameworks";
				PRODUCT_NAME = "$(TARGET_NAME)";
				TEST_HOST = "$(BUILT_PRODUCTS_DIR)/BrightFuturesApp.app/BrightFuturesApp";
			};
			name = Debug;
		};
		35307F2D1B18B48700BAC5D7 /* Release */ = {
			isa = XCBuildConfiguration;
			buildSettings = {
				BUNDLE_LOADER = "$(TEST_HOST)";
				FRAMEWORK_SEARCH_PATHS = (
					"$(SDKROOT)/Developer/Library/Frameworks",
					"$(inherited)",
				);
				INFOPLIST_FILE = BrightFuturesAppTests/Info.plist;
				LD_RUNPATH_SEARCH_PATHS = "$(inherited) @executable_path/Frameworks @loader_path/Frameworks";
				PRODUCT_NAME = "$(TARGET_NAME)";
				TEST_HOST = "$(BUILT_PRODUCTS_DIR)/BrightFuturesApp.app/BrightFuturesApp";
			};
			name = Release;
		};
/* End XCBuildConfiguration section */

/* Begin XCConfigurationList section */
		35307F041B18B48700BAC5D7 /* Build configuration list for PBXProject "BrightFuturesApp" */ = {
			isa = XCConfigurationList;
			buildConfigurations = (
				35307F261B18B48700BAC5D7 /* Debug */,
				35307F271B18B48700BAC5D7 /* Release */,
			);
			defaultConfigurationIsVisible = 0;
			defaultConfigurationName = Release;
		};
		35307F281B18B48700BAC5D7 /* Build configuration list for PBXNativeTarget "BrightFuturesApp" */ = {
			isa = XCConfigurationList;
			buildConfigurations = (
				35307F291B18B48700BAC5D7 /* Debug */,
				35307F2A1B18B48700BAC5D7 /* Release */,
			);
			defaultConfigurationIsVisible = 0;
			defaultConfigurationName = Release;
		};
		35307F2B1B18B48700BAC5D7 /* Build configuration list for PBXNativeTarget "BrightFuturesAppTests" */ = {
			isa = XCConfigurationList;
			buildConfigurations = (
				35307F2C1B18B48700BAC5D7 /* Debug */,
				35307F2D1B18B48700BAC5D7 /* Release */,
			);
			defaultConfigurationIsVisible = 0;
			defaultConfigurationName = Release;
		};
/* End XCConfigurationList section */
	};
	rootObject = 35307F011B18B48700BAC5D7 /* Project object */;
}
